
Microsoft Visual Studio Solution File, Format Version 12.00
# Visual Studio Version 16
VisualStudioVersion = 16.0.30011.22
MinimumVisualStudioVersion = 10.0.40219.1
Project("{FAE04EC0-301F-11D3-BF4B-00C04F79EFBC}") = "WindowsFormsApp11", "WindowsFormsApp11\WindowsFormsApp11.csproj", "{007EA9F7-A8C4-4FD2-B468-3C77F68FE3DD}"
EndProject
Global
	GlobalSection(SolutionConfigurationPlatforms) = preSolution
		Debug|Any CPU = Debug|Any CPU
		Release|Any CPU = Release|Any CPU
	EndGlobalSection
	GlobalSection(ProjectConfigurationPlatforms) = postSolution
		{007EA9F7-A8C4-4FD2-B468-3C77F68FE3DD}.Debug|Any CPU.ActiveCfg = Debug|Any CPU
		{007EA9F7-A8C4-4FD2-B468-3C77F68FE3DD}.Debug|Any CPU.Build.0 = Debug|Any CPU
		{007EA9F7-A8C4-4FD2-B468-3C77F68FE3DD}.Release|Any CPU.ActiveCfg = Release|Any CPU
		{007EA9F7-A8C4-4FD2-B468-3C77F68FE3DD}.Release|Any CPU.Build.0 = Release|Any CPU
	EndGlobalSection
	GlobalSection(SolutionProperties) = preSolution
		HideSolutionNode = FALSE
	EndGlobalSection
	GlobalSection(ExtensibilityGlobals) = postSolution
		SolutionGuid = {43083E32-B58E-4CB5-8FB1-DB68AFCC161A}
	EndGlobalSection
EndGlobal
